
Microsoft Visual Studio Solution File, Format Version 12.00
# Visual Studio 15
VisualStudioVersion = 15.0.28307.852
MinimumVisualStudioVersion = 10.0.40219.1
Project("{8BC9CEB8-8B4A-11D0-8D11-00A0C91BC942}") = "word_analyzer", "word_analyzer\word_analyzer.vcxproj", "{B16810DF-59C1-4CA0-946C-B964EF7C5340}"
EndProject
Global
	GlobalSection(SolutionConfigurationPlatforms) = preSolution
		Debug|x64 = Debug|x64
		Debug|x86 = Debug|x86
		Release|x64 = Release|x64
		Release|x86 = Release|x86
	EndGlobalSection
	GlobalSection(ProjectConfigurationPlatforms) = postSolution
		{B16810DF-59C1-4CA0-946C-B964EF7C5340}.Debug|x64.ActiveCfg = Debug|x64
		{B16810DF-59C1-4CA0-946C-B964EF7C5340}.Debug|x64.Build.0 = Debug|x64
		{B16810DF-59C1-4CA0-946C-B964EF7C5340}.Debug|x86.ActiveCfg = Debug|Win32
		{B16810DF-59C1-4CA0-946C-B964EF7C5340}.Debug|x86.Build.0 = Debug|Win32
		{B16810DF-59C1-4CA0-946C-B964EF7C5340}.Release|x64.ActiveCfg = Release|x64
		{B16810DF-59C1-4CA0-946C-B964EF7C5340}.Release|x64.Build.0 = Release|x64
		{B16810DF-59C1-4CA0-946C-B964EF7C5340}.Release|x86.ActiveCfg = Release|Win32
		{B16810DF-59C1-4CA0-946C-B964EF7C5340}.Release|x86.Build.0 = Release|Win32
	EndGlobalSection
	GlobalSection(SolutionProperties) = preSolution
		HideSolutionNode = FALSE
	EndGlobalSection
	GlobalSection(ExtensibilityGlobals) = postSolution
		SolutionGuid = {52E8444F-BCAF-43C9-8DEC-448B758C5B00}
	EndGlobalSection
EndGlobal
