
Microsoft Visual Studio Solution File, Format Version 12.00
# Visual Studio 2013
VisualStudioVersion = 12.0.30501.0
MinimumVisualStudioVersion = 10.0.40219.1
Project("{8BC9CEB8-8B4A-11D0-8D11-00A0C91BC942}") = "cifa", "cifa\cifa.vcxproj", "{26061AD0-806A-494A-B801-04C6D4BF34ED}"
EndProject
Global
	GlobalSection(SolutionConfigurationPlatforms) = preSolution
		Debug|Win32 = Debug|Win32
		Release|Win32 = Release|Win32
	EndGlobalSection
	GlobalSection(ProjectConfigurationPlatforms) = postSolution
		{26061AD0-806A-494A-B801-04C6D4BF34ED}.Debug|Win32.ActiveCfg = Debug|Win32
		{26061AD0-806A-494A-B801-04C6D4BF34ED}.Debug|Win32.Build.0 = Debug|Win32
		{26061AD0-806A-494A-B801-04C6D4BF34ED}.Release|Win32.ActiveCfg = Release|Win32
		{26061AD0-806A-494A-B801-04C6D4BF34ED}.Release|Win32.Build.0 = Release|Win32
	EndGlobalSection
	GlobalSection(SolutionProperties) = preSolution
		HideSolutionNode = FALSE
	EndGlobalSection
EndGlobal
